<?xml version="1.0" encoding="utf-8"?>
<Project ToolsVersion="4.0" xmlns="http://schemas.microsoft.com/developer/msbuild/2003">
  <ItemGroup>
    <Filter Include="src">
      <UniqueIdentifier>{4FC737F1-C7A5-4376-A066-2A32D752A2FF}</UniqueIdentifier>
      <Extensions>cpp;c;cc;cxx;c++;cppm;ixx;def;odl;idl;hpj;bat;asm;asmx</Extensions>
    </Filter>
    <Filter Include="src\App">
      <UniqueIdentifier>{1c5b00ee-c460-433d-a4df-a95e121a9171}</UniqueIdentifier>
    </Filter>
    <Filter Include="src\pch">
      <UniqueIdentifier>{2a521879-0e5c-40f5-a3d0-08e8f5f279e4}</UniqueIdentifier>
    </Filter>
    <Filter Include="src\Resources">
      <UniqueIdentifier>{aa4c6f75-fe7e-4a35-a793-20f51e18c8bc}</UniqueIdentifier>
    </Filter>
    <Filter Include="src\Core">
      <UniqueIdentifier>{3d3e2423-2f6b-481f-afea-1ca765cb5a3a}</UniqueIdentifier>
    </Filter>
    <Filter Include="src\Common">
      <UniqueIdentifier>{288b1e87-1543-4822-9154-39e10cac863f}</UniqueIdentifier>
    </Filter>
    <Filter Include="src\Input">
      <UniqueIdentifier>{197956e4-216b-4661-bb64-1980fc2695e1}</UniqueIdentifier>
    </Filter>
  </ItemGroup>
  <ItemGroup>
    <ClInclude Include="src\App\WinMain.h">
      <Filter>src\App</Filter>
    </ClInclude>
    <ClInclude Include="src\Resources\Resource.h">
      <Filter>src\Resources</Filter>
    </ClInclude>
    <ClInclude Include="src\Resources\targetver.h">
      <Filter>src\Resources</Filter>
    </ClInclude>
    <ClInclude Include="src\pch\pch.h">
      <Filter>src\pch</Filter>
    </ClInclude>
    <ClInclude Include="src\Core\Engine.h">
      <Filter>src\Core</Filter>
    </ClInclude>
    <ClInclude Include="src\Common\Singleton.h">
      <Filter>src\Common</Filter>
    </ClInclude>
    <ClInclude Include="src\Input\InputMgr.h">
      <Filter>src\Input</Filter>
    </ClInclude>
  </ItemGroup>
  <ItemGroup>
    <Image Include="src\Resources\ChatClient.ico">
      <Filter>src\Resources</Filter>
    </Image>
    <Image Include="src\Resources\small.ico">
      <Filter>src\Resources</Filter>
    </Image>
  </ItemGroup>
  <ItemGroup>
    <ClCompile Include="src\App\WinMain.cpp">
      <Filter>src\App</Filter>
    </ClCompile>
    <ClCompile Include="src\pch\pch.cpp">
      <Filter>src\pch</Filter>
    </ClCompile>
    <ClCompile Include="src\Core\Engine.cpp">
      <Filter>src\Core</Filter>
    </ClCompile>
    <ClCompile Include="src\Input\InputMgr.cpp">
      <Filter>src\Input</Filter>
    </ClCompile>
  </ItemGroup>
  <ItemGroup>
    <ResourceCompile Include="src\Resources\ChatClient.rc">
      <Filter>src\Resources</Filter>
    </ResourceCompile>
  </ItemGroup>
</Project>